// !$*UTF8*$!
{
	archiveVersion = 1;
	classes = {
	};
	objectVersion = 48;
	objects = {

/* Begin PBXBuildFile section */
		C33B7CF6206411A700D19F3E /* AppDelegate.swift in Sources */ = {isa = PBXBuildFile; fileRef = C33B7CF5206411A700D19F3E /* AppDelegate.swift */; };
		C33B7CF8206411A700D19F3E /* ViewController.swift in Sources */ = {isa = PBXBuildFile; fileRef = C33B7CF7206411A700D19F3E /* ViewController.swift */; };
		C33B7CFB206411A700D19F3E /* Main.storyboard in Resources */ = {isa = PBXBuildFile; fileRef = C33B7CF9206411A700D19F3E /* Main.storyboard */; };
		C33B7CFD206411A700D19F3E /* Assets.xcassets in Resources */ = {isa = PBXBuildFile; fileRef = C33B7CFC206411A700D19F3E /* Assets.xcassets */; };
		C33B7D00206411A700D19F3E /* LaunchScreen.storyboard in Resources */ = {isa = PBXBuildFile; fileRef = C33B7CFE206411A700D19F3E /* LaunchScreen.storyboard */; };
		C33B7D082064122000D19F3E /* CatTableViewCell.swift in Sources */ = {isa = PBXBuildFile; fileRef = C33B7D072064122000D19F3E /* CatTableViewCell.swift */; };
		C33B7D0A2064155E00D19F3E /* Network.swift in Sources */ = {isa = PBXBuildFile; fileRef = C33B7D092064155E00D19F3E /* Network.swift */; };
		C33B7D0C2064156A00D19F3E /* DataManager.swift in Sources */ = {isa = PBXBuildFile; fileRef = C33B7D0B2064156A00D19F3E /* DataManager.swift */; };
		C3C0C5B420E2FA2000A5C766 /* Extensions.swift in Sources */ = {isa = PBXBuildFile; fileRef = C3C0C5B320E2FA2000A5C766 /* Extensions.swift */; };
/* End PBXBuildFile section */

/* Begin PBXFileReference section */
		C33B7CF2206411A700D19F3E /* MeowFest.app */ = {isa = PBXFileReference; explicitFileType = wrapper.application; includeInIndex = 0; path = MeowFest.app; sourceTree = BUILT_PRODUCTS_DIR; };
		C33B7CF5206411A700D19F3E /* AppDelegate.swift */ = {isa = PBXFileReference; lastKnownFileType = sourcecode.swift; path = AppDelegate.swift; sourceTree = "<group>"; };
		C33B7CF7206411A700D19F3E /* ViewController.swift */ = {isa = PBXFileReference; lastKnownFileType = sourcecode.swift; path = ViewController.swift; sourceTree = "<group>"; };
		C33B7CFA206411A700D19F3E /* Base */ = {isa = PBXFileReference; lastKnownFileType = file.storyboard; name = Base; path = Base.lproj/Main.storyboard; sourceTree = "<group>"; };
		C33B7CFC206411A700D19F3E /* Assets.xcassets */ = {isa = PBXFileReference; lastKnownFileType = folder.assetcatalog; path = Assets.xcassets; sourceTree = "<group>"; };
		C33B7CFF206411A700D19F3E /* Base */ = {isa = PBXFileReference; lastKnownFileType = file.storyboard; name = Base; path = Base.lproj/LaunchScreen.storyboard; sourceTree = "<group>"; };
		C33B7D01206411A700D19F3E /* Info.plist */ = {isa = PBXFileReference; lastKnownFileType = text.plist.xml; path = Info.plist; sourceTree = "<group>"; };
		C33B7D072064122000D19F3E /* CatTableViewCell.swift */ = {isa = PBXFileReference; lastKnownFileType = sourcecode.swift; path = CatTableViewCell.swift; sourceTree = "<group>"; };
		C33B7D092064155E00D19F3E /* Network.swift */ = {isa = PBXFileReference; lastKnownFileType = sourcecode.swift; path = Network.swift; sourceTree = "<group>"; };
		C33B7D0B2064156A00D19F3E /* DataManager.swift */ = {isa = PBXFileReference; lastKnownFileType = sourcecode.swift; path = DataManager.swift; sourceTree = "<group>"; };
		C3C0C5B320E2FA2000A5C766 /* Extensions.swift */ = {isa = PBXFileReference; lastKnownFileType = sourcecode.swift; path = Extensions.swift; sourceTree = "<group>"; };
/* End PBXFileReference section */

/* Begin PBXFrameworksBuildPhase section */
		C33B7CEF206411A700D19F3E /* Frameworks */ = {
			isa = PBXFrameworksBuildPhase;
			buildActionMask = 2147483647;
			files = (
			);
			runOnlyForDeploymentPostprocessing = 0;
		};
/* End PBXFrameworksBuildPhase section */

/* Begin PBXGroup section */
		C33B7CE9206411A700D19F3E = {
			isa = PBXGroup;
			children = (
				C33B7CF4206411A700D19F3E /* MeowFest */,
				C33B7CF3206411A700D19F3E /* Products */,
			);
			sourceTree = "<group>";
		};
		C33B7CF3206411A700D19F3E /* Products */ = {
			isa = PBXGroup;
			children = (
				C33B7CF2206411A700D19F3E /* MeowFest.app */,
			);
			name = Products;
			sourceTree = "<group>";
		};
		C33B7CF4206411A700D19F3E /* MeowFest */ = {
			isa = PBXGroup;
			children = (
				C33B7CF5206411A700D19F3E /* AppDelegate.swift */,
				C33B7CF7206411A700D19F3E /* ViewController.swift */,
				C33B7D092064155E00D19F3E /* Network.swift */,
				C33B7D0B2064156A00D19F3E /* DataManager.swift */,
				C3C0C5B320E2FA2000A5C766 /* Extensions.swift */,
				C33B7CF9206411A700D19F3E /* Main.storyboard */,
				C33B7D072064122000D19F3E /* CatTableViewCell.swift */,
				C33B7CFC206411A700D19F3E /* Assets.xcassets */,
				C33B7CFE206411A700D19F3E /* LaunchScreen.storyboard */,
				C33B7D01206411A700D19F3E /* Info.plist */,
			);
			path = MeowFest;
			sourceTree = "<group>";
		};
/* End PBXGroup section */

/* Begin PBXNativeTarget section */
		C33B7CF1206411A700D19F3E /* MeowFest */ = {
			isa = PBXNativeTarget;
			buildConfigurationList = C33B7D04206411A700D19F3E /* Build configuration list for PBXNativeTarget "MeowFest" */;
			buildPhases = (
				C33B7CEE206411A700D19F3E /* Sources */,
				C33B7CEF206411A700D19F3E /* Frameworks */,
				C33B7CF0206411A700D19F3E /* Resources */,
			);
			buildRules = (
			);
			dependencies = (
			);
			name = MeowFest;
			productName = MeowFest;
			productReference = C33B7CF2206411A700D19F3E /* MeowFest.app */;
			productType = "com.apple.product-type.application";
		};
/* End PBXNativeTarget section */

/* Begin PBXProject section */
		C33B7CEA206411A700D19F3E /* Project object */ = {
			isa = PBXProject;
			attributes = {
				LastSwiftUpdateCheck = 0920;
				LastUpgradeCheck = 0940;
				ORGANIZATIONNAME = TaleKickAppLLC;
				TargetAttributes = {
					C33B7CF1206411A700D19F3E = {
						CreatedOnToolsVersion = 9.2;
						ProvisioningStyle = Automatic;
					};
				};
			};
			buildConfigurationList = C33B7CED206411A700D19F3E /* Build configuration list for PBXProject "MeowFest" */;
			compatibilityVersion = "Xcode 8.0";
			developmentRegion = en;
			hasScannedForEncodings = 0;
			knownRegions = (
				en,
				Base,
			);
			mainGroup = C33B7CE9206411A700D19F3E;
			productRefGroup = C33B7CF3206411A700D19F3E /* Products */;
			projectDirPath = "";
			projectRoot = "";
			targets = (
				C33B7CF1206411A700D19F3E /* MeowFest */,
			);
		};
/* End PBXProject section */

/* Begin PBXResourcesBuildPhase section */
		C33B7CF0206411A700D19F3E /* Resources */ = {
			isa = PBXResourcesBuildPhase;
			buildActionMask = 2147483647;
			files = (
				C33B7D00206411A700D19F3E /* LaunchScreen.storyboard in Resources */,
				C33B7CFD206411A700D19F3E /* Assets.xcassets in Resources */,
				C33B7CFB206411A700D19F3E /* Main.storyboard in Resources */,
			);
			runOnlyForDeploymentPostprocessing = 0;
		};
/* End PBXResourcesBuildPhase section */

/* Begin PBXSourcesBuildPhase section */
		C33B7CEE206411A700D19F3E /* Sources */ = {
			isa = PBXSourcesBuildPhase;
			buildActionMask = 2147483647;
			files = (
				C33B7CF8206411A700D19F3E /* ViewController.swift in Sources */,
				C3C0C5B420E2FA2000A5C766 /* Extensions.swift in Sources */,
				C33B7D0C2064156A00D19F3E /* DataManager.swift in Sources */,
				C33B7D082064122000D19F3E /* CatTableViewCell.swift in Sources */,
				C33B7D0A2064155E00D19F3E /* Network.swift in Sources */,
				C33B7CF6206411A700D19F3E /* AppDelegate.swift in Sources */,
			);
			runOnlyForDeploymentPostprocessing = 0;
		};
/* End PBXSourcesBuildPhase section */

/* Begin PBXVariantGroup section */
		C33B7CF9206411A700D19F3E /* Main.storyboard */ = {
			isa = PBXVariantGroup;
			children = (
				C33B7CFA206411A700D19F3E /* Base */,
			);
			name = Main.storyboard;
			sourceTree = "<group>";
		};
		C33B7CFE206411A700D19F3E /* LaunchScreen.storyboard */ = {
			isa = PBXVariantGroup;
			children = (
				C33B7CFF206411A700D19F3E /* Base */,
			);
			name = LaunchScreen.storyboard;
			sourceTree = "<group>";
		};
/* End PBXVariantGroup section */

/* Begin XCBuildConfiguration section */
		C33B7D02206411A700D19F3E /* Debug */ = {
			isa = XCBuildConfiguration;
			buildSettings = {
				ALWAYS_SEARCH_USER_PATHS = NO;
				CLANG_ANALYZER_NONNULL = YES;
				CLANG_ANALYZER_NUMBER_OBJECT_CONVERSION = YES_AGGRESSIVE;
				CLANG_CXX_LANGUAGE_STANDARD = "gnu++14";
				CLANG_CXX_LIBRARY = "libc++";
				CLANG_ENABLE_MODULES = YES;
				CLANG_ENABLE_OBJC_ARC = YES;
				CLANG_WARN_BLOCK_CAPTURE_AUTORELEASING = YES;
				CLANG_WARN_BOOL_CONVERSION = YES;
				CLANG_WARN_COMMA = YES;
				CLANG_WARN_CONSTANT_CONVERSION = YES;
				CLANG_WARN_DEPRECATED_OBJC_IMPLEMENTATIONS = YES;
				CLANG_WARN_DIRECT_OBJC_ISA_USAGE = YES_ERROR;
				CLANG_WARN_DOCUMENTATION_COMMENTS = YES;
				CLANG_WARN_EMPTY_BODY = YES;
				CLANG_WARN_ENUM_CONVERSION = YES;
				CLANG_WARN_INFINITE_RECURSION = YES;
				CLANG_WARN_INT_CONVERSION = YES;
				CLANG_WARN_NON_LITERAL_NULL_CONVERSION = YES;
				CLANG_WARN_OBJC_IMPLICIT_RETAIN_SELF = YES;
				CLANG_WARN_OBJC_LITERAL_CONVERSION = YES;
				CLANG_WARN_OBJC_ROOT_CLASS = YES_ERROR;
				CLANG_WARN_RANGE_LOOP_ANALYSIS = YES;
				CLANG_WARN_STRICT_PROTOTYPES = YES;
				CLANG_WARN_SUSPICIOUS_MOVE = YES;
				CLANG_WARN_UNGUARDED_AVAILABILITY = YES_AGGRESSIVE;
				CLANG_WARN_UNREACHABLE_CODE = YES;
				CLANG_WARN__DUPLICATE_METHOD_MATCH = YES;
				CODE_SIGN_IDENTITY = "iPhone Developer";
				COPY_PHASE_STRIP = NO;
				DEBUG_INFORMATION_FORMAT = dwarf;
				ENABLE_STRICT_OBJC_MSGSEND = YES;
				ENABLE_TESTABILITY = YES;
				GCC_C_LANGUAGE_STANDARD = gnu11;
				GCC_DYNAMIC_NO_PIC = NO;
				GCC_NO_COMMON_BLOCKS = YES;
				GCC_OPTIMIZATION_LEVEL = 0;
				GCC_PREPROCESSOR_DEFINITIONS = (
					"DEBUG=1",
					"$(inherited)",
				);
				GCC_WARN_64_TO_32_BIT_CONVERSION = YES;
				GCC_WARN_ABOUT_RETURN_TYPE = YES_ERROR;
				GCC_WARN_UNDECLARED_SELECTOR = YES;
				GCC_WARN_UNINITIALIZED_AUTOS = YES_AGGRESSIVE;
				GCC_WARN_UNUSED_FUNCTION = YES;
				GCC_WARN_UNUSED_VARIABLE = YES;
				IPHONEOS_DEPLOYMENT_TARGET = 11.2;
				MTL_ENABLE_DEBUG_INFO = YES;
				ONLY_ACTIVE_ARCH = YES;
				SDKROOT = iphoneos;
				SWIFT_ACTIVE_COMPILATION_CONDITIONS = DEBUG;
				SWIFT_OPTIMIZATION_LEVEL = "-Onone";
			};
			name = Debug;
		};
		C33B7D03206411A700D19F3E /* Release */ = {
			isa = XCBuildConfiguration;
			buildSettings = {
				ALWAYS_SEARCH_USER_PATHS = NO;
				CLANG_ANALYZER_NONNULL = YES;
				CLANG_ANALYZER_NUMBER_OBJECT_CONVERSION = YES_AGGRESSIVE;
				CLANG_CXX_LANGUAGE_STANDARD = "gnu++14";
				CLANG_CXX_LIBRARY = "libc++";
				CLANG_ENABLE_MODULES = YES;
				CLANG_ENABLE_OBJC_ARC = YES;
				CLANG_WARN_BLOCK_CAPTURE_AUTORELEASING = YES;
				CLANG_WARN_BOOL_CONVERSION = YES;
				CLANG_WARN_COMMA = YES;
				CLANG_WARN_CONSTANT_CONVERSION = YES;
				CLANG_WARN_DEPRECATED_OBJC_IMPLEMENTATIONS = YES;
				CLANG_WARN_DIRECT_OBJC_ISA_USAGE = YES_ERROR;
				CLANG_WARN_DOCUMENTATION_COMMENTS = YES;
				CLANG_WARN_EMPTY_BODY = YES;
				CLANG_WARN_ENUM_CONVERSION = YES;
				CLANG_WARN_INFINITE_RECURSION = YES;
				CLANG_WARN_INT_CONVERSION = YES;
				CLANG_WARN_NON_LITERAL_NULL_CONVERSION = YES;
				CLANG_WARN_OBJC_IMPLICIT_RETAIN_SELF = YES;
				CLANG_WARN_OBJC_LITERAL_CONVERSION = YES;
				CLANG_WARN_OBJC_ROOT_CLASS = YES_ERROR;
				CLANG_WARN_RANGE_LOOP_ANALYSIS = YES;
				CLANG_WARN_STRICT_PROTOTYPES = YES;
				CLANG_WARN_SUSPICIOUS_MOVE = YES;
				CLANG_WARN_UNGUARDED_AVAILABILITY = YES_AGGRESSIVE;
				CLANG_WARN_UNREACHABLE_CODE = YES;
				CLANG_WARN__DUPLICATE_METHOD_MATCH = YES;
				CODE_SIGN_IDENTITY = "iPhone Developer";
				COPY_PHASE_STRIP = NO;
				DEBUG_INFORMATION_FORMAT = "dwarf-with-dsym";
				ENABLE_NS_ASSERTIONS = NO;
				ENABLE_STRICT_OBJC_MSGSEND = YES;
				GCC_C_LANGUAGE_STANDARD = gnu11;
				GCC_NO_COMMON_BLOCKS = YES;
				GCC_WARN_64_TO_32_BIT_CONVERSION = YES;
				GCC_WARN_ABOUT_RETURN_TYPE = YES_ERROR;
				GCC_WARN_UNDECLARED_SELECTOR = YES;
				GCC_WARN_UNINITIALIZED_AUTOS = YES_AGGRESSIVE;
				GCC_WARN_UNUSED_FUNCTION = YES;
				GCC_WARN_UNUSED_VARIABLE = YES;
				IPHONEOS_DEPLOYMENT_TARGET = 11.2;
				MTL_ENABLE_DEBUG_INFO = NO;
				SDKROOT = iphoneos;
				SWIFT_OPTIMIZATION_LEVEL = "-Owholemodule";
				VALIDATE_PRODUCT = YES;
			};
			name = Release;
		};
		C33B7D05206411A700D19F3E /* Debug */ = {
			isa = XCBuildConfiguration;
			buildSettings = {
				ASSETCATALOG_COMPILER_APPICON_NAME = AppIcon;
				CODE_SIGN_STYLE = Automatic;
				DEVELOPMENT_TEAM = 68KS6FN57P;
				INFOPLIST_FILE = MeowFest/Info.plist;
				LD_RUNPATH_SEARCH_PATHS = "$(inherited) @executable_path/Frameworks";
				PRODUCT_BUNDLE_IDENTIFIER = com.TaleKickAppLLC.MeowFest;
				PRODUCT_NAME = "$(TARGET_NAME)";
				SWIFT_VERSION = 4.0;
				TARGETED_DEVICE_FAMILY = "1,2";
			};
			name = Debug;
		};
		C33B7D06206411A700D19F3E /* Release */ = {
			isa = XCBuildConfiguration;
			buildSettings = {
				ASSETCATALOG_COMPILER_APPICON_NAME = AppIcon;
				CODE_SIGN_STYLE = Automatic;
				DEVELOPMENT_TEAM = 68KS6FN57P;
				INFOPLIST_FILE = MeowFest/Info.plist;
				LD_RUNPATH_SEARCH_PATHS = "$(inherited) @executable_path/Frameworks";
				PRODUCT_BUNDLE_IDENTIFIER = com.TaleKickAppLLC.MeowFest;
				PRODUCT_NAME = "$(TARGET_NAME)";
				SWIFT_VERSION = 4.0;
				TARGETED_DEVICE_FAMILY = "1,2";
			};
			name = Release;
		};
/* End XCBuildConfiguration section */

/* Begin XCConfigurationList section */
		C33B7CED206411A700D19F3E /* Build configuration list for PBXProject "MeowFest" */ = {
			isa = XCConfigurationList;
			buildConfigurations = (
				C33B7D02206411A700D19F3E /* Debug */,
				C33B7D03206411A700D19F3E /* Release */,
			);
			defaultConfigurationIsVisible = 0;
			defaultConfigurationName = Release;
		};
		C33B7D04206411A700D19F3E /* Build configuration list for PBXNativeTarget "MeowFest" */ = {
			isa = XCConfigurationList;
			buildConfigurations = (
				C33B7D05206411A700D19F3E /* Debug */,
				C33B7D06206411A700D19F3E /* Release */,
			);
			defaultConfigurationIsVisible = 0;
			defaultConfigurationName = Release;
		};
/* End XCConfigurationList section */
	};
	rootObject = C33B7CEA206411A700D19F3E /* Project object */;
}
